{
  "nodes": {
    "nixpkgs": {
      "locked": {
        "lastModified": 1722985478,
        "narHash": "sha256-qsk9Q9T8FLgL8pwZN4bxrTDrZ1dRPjX6XCIVIk34vIA=",
        "owner": "NickCao",
        "repo": "nixpkgs",
        "rev": "5690dbaa4f929a4d219abcd20519ccc8d3d7f72e",
        "type": "github"
      },
      "original": {
        "owner": "NickCao",
        "repo": "nixpkgs",
        "type": "github"
      }
    },
    "root": {
      "inputs": {
        "nixpkgs": "nixpkgs"
      }
    }
  },
  "root": "root",
  "version": 7
}
