{
  "nodes": {
    "nixpkgs": {
      "locked": {
        "lastModified": 1708379608,
        "narHash": "sha256-vrVYyKZDtL7ZfWKVPSjU9fe9sf8+sMKUfevah/IA5nM=",
        "owner": "NickCao",
        "repo": "nixpkgs",
        "rev": "12a123b07df1185dab4ace734cf729db65f64d4a",
        "type": "github"
      },
      "original": {
        "owner": "NickCao",
        "repo": "nixpkgs",
        "type": "github"
      }
    },
    "root": {
      "inputs": {
        "nixpkgs": "nixpkgs"
      }
    }
  },
  "root": "root",
  "version": 7
}
