{
  "nodes": {
    "nixpkgs": {
      "locked": {
        "lastModified": 1741471058,
        "narHash": "sha256-nM/T8Uk8nJOXzs/9oFbrt9qiP6/YeOauwP6b8KLNRGA=",
        "owner": "NickCao",
        "repo": "nixpkgs",
        "rev": "2d103b6b8df8646662d31319f583463c511b048f",
        "type": "github"
      },
      "original": {
        "owner": "NickCao",
        "repo": "nixpkgs",
        "type": "github"
      }
    },
    "root": {
      "inputs": {
        "nixpkgs": "nixpkgs"
      }
    }
  },
  "root": "root",
  "version": 7
}
